
Microsoft Visual Studio Solution File, Format Version 12.00
# Visual Studio Version 17
VisualStudioVersion = 17.14.36212.18 d17.14
MinimumVisualStudioVersion = 10.0.40219.1
Project("{FAE04EC0-301F-11D3-BF4B-00C04F79EFBC}") = "TreeManagementApi", "TreeManagementApi.csproj", "{54F0E451-D15A-2910-DB05-FAABB1104FCE}"
EndProject
Global
	GlobalSection(SolutionConfigurationPlatforms) = preSolution
		Debug|Any CPU = Debug|Any CPU
		Release|Any CPU = Release|Any CPU
	EndGlobalSection
	GlobalSection(ProjectConfigurationPlatforms) = postSolution
		{54F0E451-D15A-2910-DB05-FAABB1104FCE}.Debug|Any CPU.ActiveCfg = Debug|Any CPU
		{54F0E451-D15A-2910-DB05-FAABB1104FCE}.Debug|Any CPU.Build.0 = Debug|Any CPU
		{54F0E451-D15A-2910-DB05-FAABB1104FCE}.Release|Any CPU.ActiveCfg = Release|Any CPU
		{54F0E451-D15A-2910-DB05-FAABB1104FCE}.Release|Any CPU.Build.0 = Release|Any CPU
	EndGlobalSection
	GlobalSection(SolutionProperties) = preSolution
		HideSolutionNode = FALSE
	EndGlobalSection
	GlobalSection(ExtensibilityGlobals) = postSolution
		SolutionGuid = {0A82E2F1-6D72-4912-AE05-98C4EA344065}
	EndGlobalSection
EndGlobal
